
Microsoft Visual Studio Solution File, Format Version 12.00
# Visual Studio Version 16
VisualStudioVersion = 16.0.29102.190
MinimumVisualStudioVersion = 10.0.40219.1
Project("{FAE04EC0-301F-11D3-BF4B-00C04F79EFBC}") = "Vickuraa", "Vickuraa\Vickuraa.csproj", "{724560D1-B00B-4CF9-833D-1BEEC622F58B}"
EndProject
Global
	GlobalSection(SolutionConfigurationPlatforms) = preSolution
		Debug|Any CPU = Debug|Any CPU
		Release|Any CPU = Release|Any CPU
	EndGlobalSection
	GlobalSection(ProjectConfigurationPlatforms) = postSolution
		{724560D1-B00B-4CF9-833D-1BEEC622F58B}.Debug|Any CPU.ActiveCfg = Debug|Any CPU
		{724560D1-B00B-4CF9-833D-1BEEC622F58B}.Debug|Any CPU.Build.0 = Debug|Any CPU
		{724560D1-B00B-4CF9-833D-1BEEC622F58B}.Release|Any CPU.ActiveCfg = Release|Any CPU
		{724560D1-B00B-4CF9-833D-1BEEC622F58B}.Release|Any CPU.Build.0 = Release|Any CPU
	EndGlobalSection
	GlobalSection(SolutionProperties) = preSolution
		HideSolutionNode = FALSE
	EndGlobalSection
	GlobalSection(ExtensibilityGlobals) = postSolution
		SolutionGuid = {34523CDA-F68B-4577-A5E4-1A42637413C1}
	EndGlobalSection
EndGlobal
